
Microsoft Visual Studio Solution File, Format Version 12.00
# Visual Studio Version 17
VisualStudioVersion = 17.14.35906.104
MinimumVisualStudioVersion = 10.0.40219.1
Project("{FAE04EC0-301F-11D3-BF4B-00C04F79EFBC}") = "compiladorRiqual", "WpfApp1\compiladorRiqual.csproj", "{62A35D90-2910-43E9-8EE3-D158FC994C23}"
EndProject
Project("{2150E333-8FDC-42A3-9474-1A3956D46DE8}") = "Itens de Solução", "Itens de Solução", "{380A7511-A354-6D7A-0CC0-8FA1F1BA7B6C}"
	ProjectSection(SolutionItems) = preProject
		icon.ico = icon.ico
	EndProjectSection
EndProject
Global
	GlobalSection(SolutionConfigurationPlatforms) = preSolution
		Debug|Any CPU = Debug|Any CPU
		Release|Any CPU = Release|Any CPU
	EndGlobalSection
	GlobalSection(ProjectConfigurationPlatforms) = postSolution
		{62A35D90-2910-43E9-8EE3-D158FC994C23}.Debug|Any CPU.ActiveCfg = Debug|Any CPU
		{62A35D90-2910-43E9-8EE3-D158FC994C23}.Debug|Any CPU.Build.0 = Debug|Any CPU
		{62A35D90-2910-43E9-8EE3-D158FC994C23}.Release|Any CPU.ActiveCfg = Release|Any CPU
		{62A35D90-2910-43E9-8EE3-D158FC994C23}.Release|Any CPU.Build.0 = Release|Any CPU
	EndGlobalSection
	GlobalSection(SolutionProperties) = preSolution
		HideSolutionNode = FALSE
	EndGlobalSection
	GlobalSection(ExtensibilityGlobals) = postSolution
		SolutionGuid = {8AC97BEA-1C7A-4E87-9702-32A3DBE40A2E}
	EndGlobalSection
EndGlobal
